
Microsoft Visual Studio Solution File, Format Version 12.00
# Visual Studio Version 17
VisualStudioVersion = 17.9.34728.123
MinimumVisualStudioVersion = 10.0.40219.1
Project("{F184B08F-C81C-45F6-A57F-5ABD9991F28F}") = "ConsoleApp11", "ConsoleApp11\ConsoleApp11.vbproj", "{C644F50B-51F0-498F-AB62-A2B08C7719DD}"
EndProject
Global
	GlobalSection(SolutionConfigurationPlatforms) = preSolution
		Debug|Any CPU = Debug|Any CPU
		Release|Any CPU = Release|Any CPU
	EndGlobalSection
	GlobalSection(ProjectConfigurationPlatforms) = postSolution
		{C644F50B-51F0-498F-AB62-A2B08C7719DD}.Debug|Any CPU.ActiveCfg = Debug|Any CPU
		{C644F50B-51F0-498F-AB62-A2B08C7719DD}.Debug|Any CPU.Build.0 = Debug|Any CPU
		{C644F50B-51F0-498F-AB62-A2B08C7719DD}.Release|Any CPU.ActiveCfg = Release|Any CPU
		{C644F50B-51F0-498F-AB62-A2B08C7719DD}.Release|Any CPU.Build.0 = Release|Any CPU
	EndGlobalSection
	GlobalSection(SolutionProperties) = preSolution
		HideSolutionNode = FALSE
	EndGlobalSection
	GlobalSection(ExtensibilityGlobals) = postSolution
		SolutionGuid = {12C4B876-88C2-4551-A208-125DC4F2429A}
	EndGlobalSection
EndGlobal
